
Microsoft Visual Studio Solution File, Format Version 12.00
Project("{FAE04EC0-301F-11D3-BF4B-00C04F79EFBC}") = "apbd_test", "apbd_test.csproj", "{2E909C19-8A4C-42C9-A36D-79A3358E635C}"
EndProject
Global
	GlobalSection(SolutionConfigurationPlatforms) = preSolution
		Debug|Any CPU = Debug|Any CPU
		Release|Any CPU = Release|Any CPU
	EndGlobalSection
	GlobalSection(ProjectConfigurationPlatforms) = postSolution
		{2E909C19-8A4C-42C9-A36D-79A3358E635C}.Debug|Any CPU.ActiveCfg = Debug|Any CPU
		{2E909C19-8A4C-42C9-A36D-79A3358E635C}.Debug|Any CPU.Build.0 = Debug|Any CPU
		{2E909C19-8A4C-42C9-A36D-79A3358E635C}.Release|Any CPU.ActiveCfg = Release|Any CPU
		{2E909C19-8A4C-42C9-A36D-79A3358E635C}.Release|Any CPU.Build.0 = Release|Any CPU
	EndGlobalSection
EndGlobal
